{
  "name": "site",
  "version": "1.0.0",
  "lockfileVersion": 3,
  "requires": true,
  "packages": {
    "": {
      "name": "site",
      "version": "1.0.0",
      "license": "ISC",
      "dependencies": {
        "98.css": "^0.1.20",
        "interactjs": "^1.10.26"
      }
    },
    "node_modules/@interactjs/types": {
      "version": "1.10.26",
      "resolved": "https://registry.npmjs.org/@interactjs/types/-/types-1.10.26.tgz",
      "integrity": "sha512-DekYpdkMV3XJVd/0k3f4pJluZAsCiG86yEtVXvGLK0lS/Fj0+OzYEv7HoMpcBZSkQ8s7//yaeEBgnxy2tV81lA=="
    },
    "node_modules/98.css": {
      "version": "0.1.20",
      "resolved": "https://registry.npmjs.org/98.css/-/98.css-0.1.20.tgz",
      "integrity": "sha512-9oM+AZMfxG59Zz+bnAjIxAX2AKnBPkEJjf84ATto0wUNdRPxV+jhov1rHKe/wl6D0giuWwY603RxwrVVG4v2sA=="
    },
    "node_modules/interactjs": {
      "version": "1.10.26",
      "resolved": "https://registry.npmjs.org/interactjs/-/interactjs-1.10.26.tgz",
      "integrity": "sha512-5gNTNDTfEHp2EifqtWGi5VkD3CMZVJSTGmtK/IsVRd+rkOk3E63iVs5Z+IeD5K1Lr0qZpU2754VHAwf5i+Z9xg==",
      "dependencies": {
        "@interactjs/types": "1.10.26"
      }
    }
  }
}
